
Microsoft Visual Studio Solution File, Format Version 12.00
# Visual Studio Version 17
VisualStudioVersion = 17.5.33516.290
MinimumVisualStudioVersion = 10.0.40219.1
Project("{9A19103F-16F7-4668-BE54-9A1E7A4F7556}") = "CMS_Web", "CMS_WEB\CMS_Web.csproj", "{9048A774-9064-476A-A011-636E54BCDC5F}"
EndProject
Project("{9A19103F-16F7-4668-BE54-9A1E7A4F7556}") = "CMS_Infrastructure", "CMS_Infrastructure\CMS_Infrastructure.csproj", "{FBF44B3D-6595-47FE-80B9-05A53DA74828}"
EndProject
Project("{9A19103F-16F7-4668-BE54-9A1E7A4F7556}") = "CMS_WebDesignCore", "CMS_WebDesignCore\CMS_WebDesignCore.csproj", "{997DAC56-7A75-4703-BEFF-1028E717AEC6}"
EndProject
Project("{9A19103F-16F7-4668-BE54-9A1E7A4F7556}") = "DJ_UploadFile", "DJ_UploadFile\DJ_UploadFile.csproj", "{0BBEFD98-4BDD-449F-8EB4-71AB7D9DD37B}"
EndProject
Project("{2150E333-8FDC-42A3-9474-1A3956D46DE8}") = "Solution Items", "Solution Items", "{E66BF82B-232E-4C3A-A357-65A204BDB793}"
	ProjectSection(SolutionItems) = preProject
		.editorconfig = .editorconfig
	EndProjectSection
EndProject
Global
	GlobalSection(SolutionConfigurationPlatforms) = preSolution
		Debug|Any CPU = Debug|Any CPU
		Release|Any CPU = Release|Any CPU
	EndGlobalSection
	GlobalSection(ProjectConfigurationPlatforms) = postSolution
		{9048A774-9064-476A-A011-636E54BCDC5F}.Debug|Any CPU.ActiveCfg = Debug|Any CPU
		{9048A774-9064-476A-A011-636E54BCDC5F}.Debug|Any CPU.Build.0 = Debug|Any CPU
		{9048A774-9064-476A-A011-636E54BCDC5F}.Release|Any CPU.ActiveCfg = Release|Any CPU
		{9048A774-9064-476A-A011-636E54BCDC5F}.Release|Any CPU.Build.0 = Release|Any CPU
		{FBF44B3D-6595-47FE-80B9-05A53DA74828}.Debug|Any CPU.ActiveCfg = Debug|Any CPU
		{FBF44B3D-6595-47FE-80B9-05A53DA74828}.Debug|Any CPU.Build.0 = Debug|Any CPU
		{FBF44B3D-6595-47FE-80B9-05A53DA74828}.Release|Any CPU.ActiveCfg = Release|Any CPU
		{FBF44B3D-6595-47FE-80B9-05A53DA74828}.Release|Any CPU.Build.0 = Release|Any CPU
		{997DAC56-7A75-4703-BEFF-1028E717AEC6}.Debug|Any CPU.ActiveCfg = Debug|Any CPU
		{997DAC56-7A75-4703-BEFF-1028E717AEC6}.Debug|Any CPU.Build.0 = Debug|Any CPU
		{997DAC56-7A75-4703-BEFF-1028E717AEC6}.Release|Any CPU.ActiveCfg = Release|Any CPU
		{997DAC56-7A75-4703-BEFF-1028E717AEC6}.Release|Any CPU.Build.0 = Release|Any CPU
		{0BBEFD98-4BDD-449F-8EB4-71AB7D9DD37B}.Debug|Any CPU.ActiveCfg = Debug|Any CPU
		{0BBEFD98-4BDD-449F-8EB4-71AB7D9DD37B}.Debug|Any CPU.Build.0 = Debug|Any CPU
		{0BBEFD98-4BDD-449F-8EB4-71AB7D9DD37B}.Release|Any CPU.ActiveCfg = Release|Any CPU
		{0BBEFD98-4BDD-449F-8EB4-71AB7D9DD37B}.Release|Any CPU.Build.0 = Release|Any CPU
	EndGlobalSection
	GlobalSection(SolutionProperties) = preSolution
		HideSolutionNode = FALSE
	EndGlobalSection
	GlobalSection(ExtensibilityGlobals) = postSolution
		SolutionGuid = {06E42415-9B23-467C-BBDA-1CD8243F4E59}
	EndGlobalSection
EndGlobal
